
Microsoft Visual Studio Solution File, Format Version 12.00
# Visual Studio Version 16
VisualStudioVersion = 16.0.28711.60
MinimumVisualStudioVersion = 10.0.40219.1
Project("{FAE04EC0-301F-11D3-BF4B-00C04F79EFBC}") = "EKGADGET.WinForms", "EKGADGET.WinForms\EKGADGET.WinForms.csproj", "{9398E33D-6840-4BCE-B9DE-095581B5A9B0}"
EndProject
Project("{FAE04EC0-301F-11D3-BF4B-00C04F79EFBC}") = "EKGADGET.MVCBackup", "EKGADGET.MVCBackup\EKGADGET.MVCBackup.csproj", "{C1E3EF68-4881-46CC-AC55-26ECFF79E10C}"
EndProject
Project("{FAE04EC0-301F-11D3-BF4B-00C04F79EFBC}") = "EKGADGET.API", "EKGADGET.API\EKGADGET.API.csproj", "{3FA483F9-EF51-4985-96A0-C461153969BD}"
EndProject
Project("{FAE04EC0-301F-11D3-BF4B-00C04F79EFBC}") = "EKGADGET.Android", "EKGADGET\EKGADGET.Android\EKGADGET.Android.csproj", "{02BBB461-384C-45A3-829B-37396A6E1ECA}"
EndProject
Project("{FAE04EC0-301F-11D3-BF4B-00C04F79EFBC}") = "EKGADGET.iOS", "EKGADGET\EKGADGET.iOS\EKGADGET.iOS.csproj", "{5F6E6EC1-4530-494D-8DD2-4455D582F310}"
EndProject
Project("{FAE04EC0-301F-11D3-BF4B-00C04F79EFBC}") = "EKGADGET", "EKGADGET\EKGADGET\EKGADGET.csproj", "{BDB02FBC-5B77-423D-8371-D874C84DAD6C}"
EndProject
Global
	GlobalSection(SolutionConfigurationPlatforms) = preSolution
		Ad-Hoc|Any CPU = Ad-Hoc|Any CPU
		Ad-Hoc|ARM = Ad-Hoc|ARM
		Ad-Hoc|iPhone = Ad-Hoc|iPhone
		Ad-Hoc|iPhoneSimulator = Ad-Hoc|iPhoneSimulator
		Ad-Hoc|x64 = Ad-Hoc|x64
		Ad-Hoc|x86 = Ad-Hoc|x86
		AppStore|Any CPU = AppStore|Any CPU
		AppStore|ARM = AppStore|ARM
		AppStore|iPhone = AppStore|iPhone
		AppStore|iPhoneSimulator = AppStore|iPhoneSimulator
		AppStore|x64 = AppStore|x64
		AppStore|x86 = AppStore|x86
		Debug|Any CPU = Debug|Any CPU
		Debug|ARM = Debug|ARM
		Debug|iPhone = Debug|iPhone
		Debug|iPhoneSimulator = Debug|iPhoneSimulator
		Debug|x64 = Debug|x64
		Debug|x86 = Debug|x86
		Release|Any CPU = Release|Any CPU
		Release|ARM = Release|ARM
		Release|iPhone = Release|iPhone
		Release|iPhoneSimulator = Release|iPhoneSimulator
		Release|x64 = Release|x64
		Release|x86 = Release|x86
	EndGlobalSection
	GlobalSection(ProjectConfigurationPlatforms) = postSolution
		{9398E33D-6840-4BCE-B9DE-095581B5A9B0}.Ad-Hoc|Any CPU.ActiveCfg = Release|Any CPU
		{9398E33D-6840-4BCE-B9DE-095581B5A9B0}.Ad-Hoc|Any CPU.Build.0 = Release|Any CPU
		{9398E33D-6840-4BCE-B9DE-095581B5A9B0}.Ad-Hoc|ARM.ActiveCfg = Release|Any CPU
		{9398E33D-6840-4BCE-B9DE-095581B5A9B0}.Ad-Hoc|ARM.Build.0 = Release|Any CPU
		{9398E33D-6840-4BCE-B9DE-095581B5A9B0}.Ad-Hoc|iPhone.ActiveCfg = Release|Any CPU
		{9398E33D-6840-4BCE-B9DE-095581B5A9B0}.Ad-Hoc|iPhone.Build.0 = Release|Any CPU
		{9398E33D-6840-4BCE-B9DE-095581B5A9B0}.Ad-Hoc|iPhoneSimulator.ActiveCfg = Release|Any CPU
		{9398E33D-6840-4BCE-B9DE-095581B5A9B0}.Ad-Hoc|iPhoneSimulator.Build.0 = Release|Any CPU
		{9398E33D-6840-4BCE-B9DE-095581B5A9B0}.Ad-Hoc|x64.ActiveCfg = Release|Any CPU
		{9398E33D-6840-4BCE-B9DE-095581B5A9B0}.Ad-Hoc|x64.Build.0 = Release|Any CPU
		{9398E33D-6840-4BCE-B9DE-095581B5A9B0}.Ad-Hoc|x86.ActiveCfg = Release|Any CPU
		{9398E33D-6840-4BCE-B9DE-095581B5A9B0}.Ad-Hoc|x86.Build.0 = Release|Any CPU
		{9398E33D-6840-4BCE-B9DE-095581B5A9B0}.AppStore|Any CPU.ActiveCfg = Release|Any CPU
		{9398E33D-6840-4BCE-B9DE-095581B5A9B0}.AppStore|Any CPU.Build.0 = Release|Any CPU
		{9398E33D-6840-4BCE-B9DE-095581B5A9B0}.AppStore|ARM.ActiveCfg = Release|Any CPU
		{9398E33D-6840-4BCE-B9DE-095581B5A9B0}.AppStore|ARM.Build.0 = Release|Any CPU
		{9398E33D-6840-4BCE-B9DE-095581B5A9B0}.AppStore|iPhone.ActiveCfg = Release|Any CPU
		{9398E33D-6840-4BCE-B9DE-095581B5A9B0}.AppStore|iPhone.Build.0 = Release|Any CPU
		{9398E33D-6840-4BCE-B9DE-095581B5A9B0}.AppStore|iPhoneSimulator.ActiveCfg = Release|Any CPU
		{9398E33D-6840-4BCE-B9DE-095581B5A9B0}.AppStore|iPhoneSimulator.Build.0 = Release|Any CPU
		{9398E33D-6840-4BCE-B9DE-095581B5A9B0}.AppStore|x64.ActiveCfg = Release|Any CPU
		{9398E33D-6840-4BCE-B9DE-095581B5A9B0}.AppStore|x64.Build.0 = Release|Any CPU
		{9398E33D-6840-4BCE-B9DE-095581B5A9B0}.AppStore|x86.ActiveCfg = Release|Any CPU
		{9398E33D-6840-4BCE-B9DE-095581B5A9B0}.AppStore|x86.Build.0 = Release|Any CPU
		{9398E33D-6840-4BCE-B9DE-095581B5A9B0}.Debug|Any CPU.ActiveCfg = Debug|Any CPU
		{9398E33D-6840-4BCE-B9DE-095581B5A9B0}.Debug|Any CPU.Build.0 = Debug|Any CPU
		{9398E33D-6840-4BCE-B9DE-095581B5A9B0}.Debug|ARM.ActiveCfg = Debug|Any CPU
		{9398E33D-6840-4BCE-B9DE-095581B5A9B0}.Debug|ARM.Build.0 = Debug|Any CPU
		{9398E33D-6840-4BCE-B9DE-095581B5A9B0}.Debug|iPhone.ActiveCfg = Debug|Any CPU
		{9398E33D-6840-4BCE-B9DE-095581B5A9B0}.Debug|iPhone.Build.0 = Debug|Any CPU
		{9398E33D-6840-4BCE-B9DE-095581B5A9B0}.Debug|iPhoneSimulator.ActiveCfg = Debug|Any CPU
		{9398E33D-6840-4BCE-B9DE-095581B5A9B0}.Debug|iPhoneSimulator.Build.0 = Debug|Any CPU
		{9398E33D-6840-4BCE-B9DE-095581B5A9B0}.Debug|x64.ActiveCfg = Debug|Any CPU
		{9398E33D-6840-4BCE-B9DE-095581B5A9B0}.Debug|x64.Build.0 = Debug|Any CPU
		{9398E33D-6840-4BCE-B9DE-095581B5A9B0}.Debug|x86.ActiveCfg = Debug|Any CPU
		{9398E33D-6840-4BCE-B9DE-095581B5A9B0}.Debug|x86.Build.0 = Debug|Any CPU
		{9398E33D-6840-4BCE-B9DE-095581B5A9B0}.Release|Any CPU.ActiveCfg = Release|Any CPU
		{9398E33D-6840-4BCE-B9DE-095581B5A9B0}.Release|Any CPU.Build.0 = Release|Any CPU
		{9398E33D-6840-4BCE-B9DE-095581B5A9B0}.Release|ARM.ActiveCfg = Release|Any CPU
		{9398E33D-6840-4BCE-B9DE-095581B5A9B0}.Release|ARM.Build.0 = Release|Any CPU
		{9398E33D-6840-4BCE-B9DE-095581B5A9B0}.Release|iPhone.ActiveCfg = Release|Any CPU
		{9398E33D-6840-4BCE-B9DE-095581B5A9B0}.Release|iPhone.Build.0 = Release|Any CPU
		{9398E33D-6840-4BCE-B9DE-095581B5A9B0}.Release|iPhoneSimulator.ActiveCfg = Release|Any CPU
		{9398E33D-6840-4BCE-B9DE-095581B5A9B0}.Release|iPhoneSimulator.Build.0 = Release|Any CPU
		{9398E33D-6840-4BCE-B9DE-095581B5A9B0}.Release|x64.ActiveCfg = Release|Any CPU
		{9398E33D-6840-4BCE-B9DE-095581B5A9B0}.Release|x64.Build.0 = Release|Any CPU
		{9398E33D-6840-4BCE-B9DE-095581B5A9B0}.Release|x86.ActiveCfg = Release|Any CPU
		{9398E33D-6840-4BCE-B9DE-095581B5A9B0}.Release|x86.Build.0 = Release|Any CPU
		{C1E3EF68-4881-46CC-AC55-26ECFF79E10C}.Ad-Hoc|Any CPU.ActiveCfg = Release|Any CPU
		{C1E3EF68-4881-46CC-AC55-26ECFF79E10C}.Ad-Hoc|Any CPU.Build.0 = Release|Any CPU
		{C1E3EF68-4881-46CC-AC55-26ECFF79E10C}.Ad-Hoc|ARM.ActiveCfg = Release|Any CPU
		{C1E3EF68-4881-46CC-AC55-26ECFF79E10C}.Ad-Hoc|ARM.Build.0 = Release|Any CPU
		{C1E3EF68-4881-46CC-AC55-26ECFF79E10C}.Ad-Hoc|iPhone.ActiveCfg = Release|Any CPU
		{C1E3EF68-4881-46CC-AC55-26ECFF79E10C}.Ad-Hoc|iPhone.Build.0 = Release|Any CPU
		{C1E3EF68-4881-46CC-AC55-26ECFF79E10C}.Ad-Hoc|iPhoneSimulator.ActiveCfg = Release|Any CPU
		{C1E3EF68-4881-46CC-AC55-26ECFF79E10C}.Ad-Hoc|iPhoneSimulator.Build.0 = Release|Any CPU
		{C1E3EF68-4881-46CC-AC55-26ECFF79E10C}.Ad-Hoc|x64.ActiveCfg = Release|Any CPU
		{C1E3EF68-4881-46CC-AC55-26ECFF79E10C}.Ad-Hoc|x64.Build.0 = Release|Any CPU
		{C1E3EF68-4881-46CC-AC55-26ECFF79E10C}.Ad-Hoc|x86.ActiveCfg = Release|Any CPU
		{C1E3EF68-4881-46CC-AC55-26ECFF79E10C}.Ad-Hoc|x86.Build.0 = Release|Any CPU
		{C1E3EF68-4881-46CC-AC55-26ECFF79E10C}.AppStore|Any CPU.ActiveCfg = Release|Any CPU
		{C1E3EF68-4881-46CC-AC55-26ECFF79E10C}.AppStore|Any CPU.Build.0 = Release|Any CPU
		{C1E3EF68-4881-46CC-AC55-26ECFF79E10C}.AppStore|ARM.ActiveCfg = Release|Any CPU
		{C1E3EF68-4881-46CC-AC55-26ECFF79E10C}.AppStore|ARM.Build.0 = Release|Any CPU
		{C1E3EF68-4881-46CC-AC55-26ECFF79E10C}.AppStore|iPhone.ActiveCfg = Release|Any CPU
		{C1E3EF68-4881-46CC-AC55-26ECFF79E10C}.AppStore|iPhone.Build.0 = Release|Any CPU
		{C1E3EF68-4881-46CC-AC55-26ECFF79E10C}.AppStore|iPhoneSimulator.ActiveCfg = Release|Any CPU
		{C1E3EF68-4881-46CC-AC55-26ECFF79E10C}.AppStore|iPhoneSimulator.Build.0 = Release|Any CPU
		{C1E3EF68-4881-46CC-AC55-26ECFF79E10C}.AppStore|x64.ActiveCfg = Release|Any CPU
		{C1E3EF68-4881-46CC-AC55-26ECFF79E10C}.AppStore|x64.Build.0 = Release|Any CPU
		{C1E3EF68-4881-46CC-AC55-26ECFF79E10C}.AppStore|x86.ActiveCfg = Release|Any CPU
		{C1E3EF68-4881-46CC-AC55-26ECFF79E10C}.AppStore|x86.Build.0 = Release|Any CPU
		{C1E3EF68-4881-46CC-AC55-26ECFF79E10C}.Debug|Any CPU.ActiveCfg = Debug|Any CPU
		{C1E3EF68-4881-46CC-AC55-26ECFF79E10C}.Debug|Any CPU.Build.0 = Debug|Any CPU
		{C1E3EF68-4881-46CC-AC55-26ECFF79E10C}.Debug|ARM.ActiveCfg = Debug|Any CPU
		{C1E3EF68-4881-46CC-AC55-26ECFF79E10C}.Debug|ARM.Build.0 = Debug|Any CPU
		{C1E3EF68-4881-46CC-AC55-26ECFF79E10C}.Debug|iPhone.ActiveCfg = Debug|Any CPU
		{C1E3EF68-4881-46CC-AC55-26ECFF79E10C}.Debug|iPhone.Build.0 = Debug|Any CPU
		{C1E3EF68-4881-46CC-AC55-26ECFF79E10C}.Debug|iPhoneSimulator.ActiveCfg = Debug|Any CPU
		{C1E3EF68-4881-46CC-AC55-26ECFF79E10C}.Debug|iPhoneSimulator.Build.0 = Debug|Any CPU
		{C1E3EF68-4881-46CC-AC55-26ECFF79E10C}.Debug|x64.ActiveCfg = Debug|Any CPU
		{C1E3EF68-4881-46CC-AC55-26ECFF79E10C}.Debug|x64.Build.0 = Debug|Any CPU
		{C1E3EF68-4881-46CC-AC55-26ECFF79E10C}.Debug|x86.ActiveCfg = Debug|Any CPU
		{C1E3EF68-4881-46CC-AC55-26ECFF79E10C}.Debug|x86.Build.0 = Debug|Any CPU
		{C1E3EF68-4881-46CC-AC55-26ECFF79E10C}.Release|Any CPU.ActiveCfg = Release|Any CPU
		{C1E3EF68-4881-46CC-AC55-26ECFF79E10C}.Release|Any CPU.Build.0 = Release|Any CPU
		{C1E3EF68-4881-46CC-AC55-26ECFF79E10C}.Release|ARM.ActiveCfg = Release|Any CPU
		{C1E3EF68-4881-46CC-AC55-26ECFF79E10C}.Release|ARM.Build.0 = Release|Any CPU
		{C1E3EF68-4881-46CC-AC55-26ECFF79E10C}.Release|iPhone.ActiveCfg = Release|Any CPU
		{C1E3EF68-4881-46CC-AC55-26ECFF79E10C}.Release|iPhone.Build.0 = Release|Any CPU
		{C1E3EF68-4881-46CC-AC55-26ECFF79E10C}.Release|iPhoneSimulator.ActiveCfg = Release|Any CPU
		{C1E3EF68-4881-46CC-AC55-26ECFF79E10C}.Release|iPhoneSimulator.Build.0 = Release|Any CPU
		{C1E3EF68-4881-46CC-AC55-26ECFF79E10C}.Release|x64.ActiveCfg = Release|Any CPU
		{C1E3EF68-4881-46CC-AC55-26ECFF79E10C}.Release|x64.Build.0 = Release|Any CPU
		{C1E3EF68-4881-46CC-AC55-26ECFF79E10C}.Release|x86.ActiveCfg = Release|Any CPU
		{C1E3EF68-4881-46CC-AC55-26ECFF79E10C}.Release|x86.Build.0 = Release|Any CPU
		{3FA483F9-EF51-4985-96A0-C461153969BD}.Ad-Hoc|Any CPU.ActiveCfg = Release|Any CPU
		{3FA483F9-EF51-4985-96A0-C461153969BD}.Ad-Hoc|Any CPU.Build.0 = Release|Any CPU
		{3FA483F9-EF51-4985-96A0-C461153969BD}.Ad-Hoc|ARM.ActiveCfg = Release|Any CPU
		{3FA483F9-EF51-4985-96A0-C461153969BD}.Ad-Hoc|ARM.Build.0 = Release|Any CPU
		{3FA483F9-EF51-4985-96A0-C461153969BD}.Ad-Hoc|iPhone.ActiveCfg = Release|Any CPU
		{3FA483F9-EF51-4985-96A0-C461153969BD}.Ad-Hoc|iPhone.Build.0 = Release|Any CPU
		{3FA483F9-EF51-4985-96A0-C461153969BD}.Ad-Hoc|iPhoneSimulator.ActiveCfg = Release|Any CPU
		{3FA483F9-EF51-4985-96A0-C461153969BD}.Ad-Hoc|iPhoneSimulator.Build.0 = Release|Any CPU
		{3FA483F9-EF51-4985-96A0-C461153969BD}.Ad-Hoc|x64.ActiveCfg = Release|Any CPU
		{3FA483F9-EF51-4985-96A0-C461153969BD}.Ad-Hoc|x64.Build.0 = Release|Any CPU
		{3FA483F9-EF51-4985-96A0-C461153969BD}.Ad-Hoc|x86.ActiveCfg = Release|Any CPU
		{3FA483F9-EF51-4985-96A0-C461153969BD}.Ad-Hoc|x86.Build.0 = Release|Any CPU
		{3FA483F9-EF51-4985-96A0-C461153969BD}.AppStore|Any CPU.ActiveCfg = Release|Any CPU
		{3FA483F9-EF51-4985-96A0-C461153969BD}.AppStore|Any CPU.Build.0 = Release|Any CPU
		{3FA483F9-EF51-4985-96A0-C461153969BD}.AppStore|ARM.ActiveCfg = Release|Any CPU
		{3FA483F9-EF51-4985-96A0-C461153969BD}.AppStore|ARM.Build.0 = Release|Any CPU
		{3FA483F9-EF51-4985-96A0-C461153969BD}.AppStore|iPhone.ActiveCfg = Release|Any CPU
		{3FA483F9-EF51-4985-96A0-C461153969BD}.AppStore|iPhone.Build.0 = Release|Any CPU
		{3FA483F9-EF51-4985-96A0-C461153969BD}.AppStore|iPhoneSimulator.ActiveCfg = Release|Any CPU
		{3FA483F9-EF51-4985-96A0-C461153969BD}.AppStore|iPhoneSimulator.Build.0 = Release|Any CPU
		{3FA483F9-EF51-4985-96A0-C461153969BD}.AppStore|x64.ActiveCfg = Release|Any CPU
		{3FA483F9-EF51-4985-96A0-C461153969BD}.AppStore|x64.Build.0 = Release|Any CPU
		{3FA483F9-EF51-4985-96A0-C461153969BD}.AppStore|x86.ActiveCfg = Release|Any CPU
		{3FA483F9-EF51-4985-96A0-C461153969BD}.AppStore|x86.Build.0 = Release|Any CPU
		{3FA483F9-EF51-4985-96A0-C461153969BD}.Debug|Any CPU.ActiveCfg = Debug|Any CPU
		{3FA483F9-EF51-4985-96A0-C461153969BD}.Debug|Any CPU.Build.0 = Debug|Any CPU
		{3FA483F9-EF51-4985-96A0-C461153969BD}.Debug|ARM.ActiveCfg = Debug|Any CPU
		{3FA483F9-EF51-4985-96A0-C461153969BD}.Debug|ARM.Build.0 = Debug|Any CPU
		{3FA483F9-EF51-4985-96A0-C461153969BD}.Debug|iPhone.ActiveCfg = Debug|Any CPU
		{3FA483F9-EF51-4985-96A0-C461153969BD}.Debug|iPhone.Build.0 = Debug|Any CPU
		{3FA483F9-EF51-4985-96A0-C461153969BD}.Debug|iPhoneSimulator.ActiveCfg = Debug|Any CPU
		{3FA483F9-EF51-4985-96A0-C461153969BD}.Debug|iPhoneSimulator.Build.0 = Debug|Any CPU
		{3FA483F9-EF51-4985-96A0-C461153969BD}.Debug|x64.ActiveCfg = Debug|Any CPU
		{3FA483F9-EF51-4985-96A0-C461153969BD}.Debug|x64.Build.0 = Debug|Any CPU
		{3FA483F9-EF51-4985-96A0-C461153969BD}.Debug|x86.ActiveCfg = Debug|Any CPU
		{3FA483F9-EF51-4985-96A0-C461153969BD}.Debug|x86.Build.0 = Debug|Any CPU
		{3FA483F9-EF51-4985-96A0-C461153969BD}.Release|Any CPU.ActiveCfg = Release|Any CPU
		{3FA483F9-EF51-4985-96A0-C461153969BD}.Release|Any CPU.Build.0 = Release|Any CPU
		{3FA483F9-EF51-4985-96A0-C461153969BD}.Release|ARM.ActiveCfg = Release|Any CPU
		{3FA483F9-EF51-4985-96A0-C461153969BD}.Release|ARM.Build.0 = Release|Any CPU
		{3FA483F9-EF51-4985-96A0-C461153969BD}.Release|iPhone.ActiveCfg = Release|Any CPU
		{3FA483F9-EF51-4985-96A0-C461153969BD}.Release|iPhone.Build.0 = Release|Any CPU
		{3FA483F9-EF51-4985-96A0-C461153969BD}.Release|iPhoneSimulator.ActiveCfg = Release|Any CPU
		{3FA483F9-EF51-4985-96A0-C461153969BD}.Release|iPhoneSimulator.Build.0 = Release|Any CPU
		{3FA483F9-EF51-4985-96A0-C461153969BD}.Release|x64.ActiveCfg = Release|Any CPU
		{3FA483F9-EF51-4985-96A0-C461153969BD}.Release|x64.Build.0 = Release|Any CPU
		{3FA483F9-EF51-4985-96A0-C461153969BD}.Release|x86.ActiveCfg = Release|Any CPU
		{3FA483F9-EF51-4985-96A0-C461153969BD}.Release|x86.Build.0 = Release|Any CPU
		{02BBB461-384C-45A3-829B-37396A6E1ECA}.Ad-Hoc|Any CPU.ActiveCfg = Release|Any CPU
		{02BBB461-384C-45A3-829B-37396A6E1ECA}.Ad-Hoc|Any CPU.Build.0 = Release|Any CPU
		{02BBB461-384C-45A3-829B-37396A6E1ECA}.Ad-Hoc|Any CPU.Deploy.0 = Release|Any CPU
		{02BBB461-384C-45A3-829B-37396A6E1ECA}.Ad-Hoc|ARM.ActiveCfg = Release|Any CPU
		{02BBB461-384C-45A3-829B-37396A6E1ECA}.Ad-Hoc|ARM.Build.0 = Release|Any CPU
		{02BBB461-384C-45A3-829B-37396A6E1ECA}.Ad-Hoc|ARM.Deploy.0 = Release|Any CPU
		{02BBB461-384C-45A3-829B-37396A6E1ECA}.Ad-Hoc|iPhone.ActiveCfg = Release|Any CPU
		{02BBB461-384C-45A3-829B-37396A6E1ECA}.Ad-Hoc|iPhone.Build.0 = Release|Any CPU
		{02BBB461-384C-45A3-829B-37396A6E1ECA}.Ad-Hoc|iPhone.Deploy.0 = Release|Any CPU
		{02BBB461-384C-45A3-829B-37396A6E1ECA}.Ad-Hoc|iPhoneSimulator.ActiveCfg = Release|Any CPU
		{02BBB461-384C-45A3-829B-37396A6E1ECA}.Ad-Hoc|iPhoneSimulator.Build.0 = Release|Any CPU
		{02BBB461-384C-45A3-829B-37396A6E1ECA}.Ad-Hoc|iPhoneSimulator.Deploy.0 = Release|Any CPU
		{02BBB461-384C-45A3-829B-37396A6E1ECA}.Ad-Hoc|x64.ActiveCfg = Release|Any CPU
		{02BBB461-384C-45A3-829B-37396A6E1ECA}.Ad-Hoc|x64.Build.0 = Release|Any CPU
		{02BBB461-384C-45A3-829B-37396A6E1ECA}.Ad-Hoc|x64.Deploy.0 = Release|Any CPU
		{02BBB461-384C-45A3-829B-37396A6E1ECA}.Ad-Hoc|x86.ActiveCfg = Release|Any CPU
		{02BBB461-384C-45A3-829B-37396A6E1ECA}.Ad-Hoc|x86.Build.0 = Release|Any CPU
		{02BBB461-384C-45A3-829B-37396A6E1ECA}.Ad-Hoc|x86.Deploy.0 = Release|Any CPU
		{02BBB461-384C-45A3-829B-37396A6E1ECA}.AppStore|Any CPU.ActiveCfg = Release|Any CPU
		{02BBB461-384C-45A3-829B-37396A6E1ECA}.AppStore|Any CPU.Build.0 = Release|Any CPU
		{02BBB461-384C-45A3-829B-37396A6E1ECA}.AppStore|Any CPU.Deploy.0 = Release|Any CPU
		{02BBB461-384C-45A3-829B-37396A6E1ECA}.AppStore|ARM.ActiveCfg = Release|Any CPU
		{02BBB461-384C-45A3-829B-37396A6E1ECA}.AppStore|ARM.Build.0 = Release|Any CPU
		{02BBB461-384C-45A3-829B-37396A6E1ECA}.AppStore|ARM.Deploy.0 = Release|Any CPU
		{02BBB461-384C-45A3-829B-37396A6E1ECA}.AppStore|iPhone.ActiveCfg = Release|Any CPU
		{02BBB461-384C-45A3-829B-37396A6E1ECA}.AppStore|iPhone.Build.0 = Release|Any CPU
		{02BBB461-384C-45A3-829B-37396A6E1ECA}.AppStore|iPhone.Deploy.0 = Release|Any CPU
		{02BBB461-384C-45A3-829B-37396A6E1ECA}.AppStore|iPhoneSimulator.ActiveCfg = Release|Any CPU
		{02BBB461-384C-45A3-829B-37396A6E1ECA}.AppStore|iPhoneSimulator.Build.0 = Release|Any CPU
		{02BBB461-384C-45A3-829B-37396A6E1ECA}.AppStore|iPhoneSimulator.Deploy.0 = Release|Any CPU
		{02BBB461-384C-45A3-829B-37396A6E1ECA}.AppStore|x64.ActiveCfg = Release|Any CPU
		{02BBB461-384C-45A3-829B-37396A6E1ECA}.AppStore|x64.Build.0 = Release|Any CPU
		{02BBB461-384C-45A3-829B-37396A6E1ECA}.AppStore|x64.Deploy.0 = Release|Any CPU
		{02BBB461-384C-45A3-829B-37396A6E1ECA}.AppStore|x86.ActiveCfg = Release|Any CPU
		{02BBB461-384C-45A3-829B-37396A6E1ECA}.AppStore|x86.Build.0 = Release|Any CPU
		{02BBB461-384C-45A3-829B-37396A6E1ECA}.AppStore|x86.Deploy.0 = Release|Any CPU
		{02BBB461-384C-45A3-829B-37396A6E1ECA}.Debug|Any CPU.ActiveCfg = Debug|Any CPU
		{02BBB461-384C-45A3-829B-37396A6E1ECA}.Debug|Any CPU.Build.0 = Debug|Any CPU
		{02BBB461-384C-45A3-829B-37396A6E1ECA}.Debug|Any CPU.Deploy.0 = Debug|Any CPU
		{02BBB461-384C-45A3-829B-37396A6E1ECA}.Debug|ARM.ActiveCfg = Debug|Any CPU
		{02BBB461-384C-45A3-829B-37396A6E1ECA}.Debug|ARM.Build.0 = Debug|Any CPU
		{02BBB461-384C-45A3-829B-37396A6E1ECA}.Debug|ARM.Deploy.0 = Debug|Any CPU
		{02BBB461-384C-45A3-829B-37396A6E1ECA}.Debug|iPhone.ActiveCfg = Debug|Any CPU
		{02BBB461-384C-45A3-829B-37396A6E1ECA}.Debug|iPhone.Build.0 = Debug|Any CPU
		{02BBB461-384C-45A3-829B-37396A6E1ECA}.Debug|iPhone.Deploy.0 = Debug|Any CPU
		{02BBB461-384C-45A3-829B-37396A6E1ECA}.Debug|iPhoneSimulator.ActiveCfg = Debug|Any CPU
		{02BBB461-384C-45A3-829B-37396A6E1ECA}.Debug|iPhoneSimulator.Build.0 = Debug|Any CPU
		{02BBB461-384C-45A3-829B-37396A6E1ECA}.Debug|iPhoneSimulator.Deploy.0 = Debug|Any CPU
		{02BBB461-384C-45A3-829B-37396A6E1ECA}.Debug|x64.ActiveCfg = Debug|Any CPU
		{02BBB461-384C-45A3-829B-37396A6E1ECA}.Debug|x64.Build.0 = Debug|Any CPU
		{02BBB461-384C-45A3-829B-37396A6E1ECA}.Debug|x64.Deploy.0 = Debug|Any CPU
		{02BBB461-384C-45A3-829B-37396A6E1ECA}.Debug|x86.ActiveCfg = Debug|Any CPU
		{02BBB461-384C-45A3-829B-37396A6E1ECA}.Debug|x86.Build.0 = Debug|Any CPU
		{02BBB461-384C-45A3-829B-37396A6E1ECA}.Debug|x86.Deploy.0 = Debug|Any CPU
		{02BBB461-384C-45A3-829B-37396A6E1ECA}.Release|Any CPU.ActiveCfg = Release|Any CPU
		{02BBB461-384C-45A3-829B-37396A6E1ECA}.Release|Any CPU.Build.0 = Release|Any CPU
		{02BBB461-384C-45A3-829B-37396A6E1ECA}.Release|Any CPU.Deploy.0 = Release|Any CPU
		{02BBB461-384C-45A3-829B-37396A6E1ECA}.Release|ARM.ActiveCfg = Release|Any CPU
		{02BBB461-384C-45A3-829B-37396A6E1ECA}.Release|ARM.Build.0 = Release|Any CPU
		{02BBB461-384C-45A3-829B-37396A6E1ECA}.Release|ARM.Deploy.0 = Release|Any CPU
		{02BBB461-384C-45A3-829B-37396A6E1ECA}.Release|iPhone.ActiveCfg = Release|Any CPU
		{02BBB461-384C-45A3-829B-37396A6E1ECA}.Release|iPhone.Build.0 = Release|Any CPU
		{02BBB461-384C-45A3-829B-37396A6E1ECA}.Release|iPhone.Deploy.0 = Release|Any CPU
		{02BBB461-384C-45A3-829B-37396A6E1ECA}.Release|iPhoneSimulator.ActiveCfg = Release|Any CPU
		{02BBB461-384C-45A3-829B-37396A6E1ECA}.Release|iPhoneSimulator.Build.0 = Release|Any CPU
		{02BBB461-384C-45A3-829B-37396A6E1ECA}.Release|iPhoneSimulator.Deploy.0 = Release|Any CPU
		{02BBB461-384C-45A3-829B-37396A6E1ECA}.Release|x64.ActiveCfg = Release|Any CPU
		{02BBB461-384C-45A3-829B-37396A6E1ECA}.Release|x64.Build.0 = Release|Any CPU
		{02BBB461-384C-45A3-829B-37396A6E1ECA}.Release|x64.Deploy.0 = Release|Any CPU
		{02BBB461-384C-45A3-829B-37396A6E1ECA}.Release|x86.ActiveCfg = Release|Any CPU
		{02BBB461-384C-45A3-829B-37396A6E1ECA}.Release|x86.Build.0 = Release|Any CPU
		{02BBB461-384C-45A3-829B-37396A6E1ECA}.Release|x86.Deploy.0 = Release|Any CPU
		{5F6E6EC1-4530-494D-8DD2-4455D582F310}.Ad-Hoc|Any CPU.ActiveCfg = Release|iPhone
		{5F6E6EC1-4530-494D-8DD2-4455D582F310}.Ad-Hoc|Any CPU.Build.0 = Release|iPhone
		{5F6E6EC1-4530-494D-8DD2-4455D582F310}.Ad-Hoc|ARM.ActiveCfg = Release|iPhone
		{5F6E6EC1-4530-494D-8DD2-4455D582F310}.Ad-Hoc|ARM.Build.0 = Release|iPhone
		{5F6E6EC1-4530-494D-8DD2-4455D582F310}.Ad-Hoc|iPhone.ActiveCfg = Release|iPhone
		{5F6E6EC1-4530-494D-8DD2-4455D582F310}.Ad-Hoc|iPhone.Build.0 = Release|iPhone
		{5F6E6EC1-4530-494D-8DD2-4455D582F310}.Ad-Hoc|iPhoneSimulator.ActiveCfg = Release|iPhoneSimulator
		{5F6E6EC1-4530-494D-8DD2-4455D582F310}.Ad-Hoc|iPhoneSimulator.Build.0 = Release|iPhoneSimulator
		{5F6E6EC1-4530-494D-8DD2-4455D582F310}.Ad-Hoc|x64.ActiveCfg = Release|iPhone
		{5F6E6EC1-4530-494D-8DD2-4455D582F310}.Ad-Hoc|x64.Build.0 = Release|iPhone
		{5F6E6EC1-4530-494D-8DD2-4455D582F310}.Ad-Hoc|x86.ActiveCfg = Release|iPhone
		{5F6E6EC1-4530-494D-8DD2-4455D582F310}.Ad-Hoc|x86.Build.0 = Release|iPhone
		{5F6E6EC1-4530-494D-8DD2-4455D582F310}.AppStore|Any CPU.ActiveCfg = Release|iPhone
		{5F6E6EC1-4530-494D-8DD2-4455D582F310}.AppStore|Any CPU.Build.0 = Release|iPhone
		{5F6E6EC1-4530-494D-8DD2-4455D582F310}.AppStore|ARM.ActiveCfg = Release|iPhone
		{5F6E6EC1-4530-494D-8DD2-4455D582F310}.AppStore|ARM.Build.0 = Release|iPhone
		{5F6E6EC1-4530-494D-8DD2-4455D582F310}.AppStore|iPhone.ActiveCfg = Release|iPhone
		{5F6E6EC1-4530-494D-8DD2-4455D582F310}.AppStore|iPhone.Build.0 = Release|iPhone
		{5F6E6EC1-4530-494D-8DD2-4455D582F310}.AppStore|iPhoneSimulator.ActiveCfg = Release|iPhoneSimulator
		{5F6E6EC1-4530-494D-8DD2-4455D582F310}.AppStore|iPhoneSimulator.Build.0 = Release|iPhoneSimulator
		{5F6E6EC1-4530-494D-8DD2-4455D582F310}.AppStore|x64.ActiveCfg = Release|iPhone
		{5F6E6EC1-4530-494D-8DD2-4455D582F310}.AppStore|x64.Build.0 = Release|iPhone
		{5F6E6EC1-4530-494D-8DD2-4455D582F310}.AppStore|x86.ActiveCfg = Release|iPhone
		{5F6E6EC1-4530-494D-8DD2-4455D582F310}.AppStore|x86.Build.0 = Release|iPhone
		{5F6E6EC1-4530-494D-8DD2-4455D582F310}.Debug|Any CPU.ActiveCfg = Debug|iPhone
		{5F6E6EC1-4530-494D-8DD2-4455D582F310}.Debug|ARM.ActiveCfg = Debug|iPhone
		{5F6E6EC1-4530-494D-8DD2-4455D582F310}.Debug|iPhone.ActiveCfg = Debug|iPhone
		{5F6E6EC1-4530-494D-8DD2-4455D582F310}.Debug|iPhone.Build.0 = Debug|iPhone
		{5F6E6EC1-4530-494D-8DD2-4455D582F310}.Debug|iPhoneSimulator.ActiveCfg = Debug|iPhoneSimulator
		{5F6E6EC1-4530-494D-8DD2-4455D582F310}.Debug|iPhoneSimulator.Build.0 = Debug|iPhoneSimulator
		{5F6E6EC1-4530-494D-8DD2-4455D582F310}.Debug|x64.ActiveCfg = Debug|iPhone
		{5F6E6EC1-4530-494D-8DD2-4455D582F310}.Debug|x86.ActiveCfg = Debug|iPhone
		{5F6E6EC1-4530-494D-8DD2-4455D582F310}.Release|Any CPU.ActiveCfg = Release|iPhone
		{5F6E6EC1-4530-494D-8DD2-4455D582F310}.Release|ARM.ActiveCfg = Release|iPhone
		{5F6E6EC1-4530-494D-8DD2-4455D582F310}.Release|iPhone.ActiveCfg = Release|iPhone
		{5F6E6EC1-4530-494D-8DD2-4455D582F310}.Release|iPhone.Build.0 = Release|iPhone
		{5F6E6EC1-4530-494D-8DD2-4455D582F310}.Release|iPhoneSimulator.ActiveCfg = Release|iPhoneSimulator
		{5F6E6EC1-4530-494D-8DD2-4455D582F310}.Release|iPhoneSimulator.Build.0 = Release|iPhoneSimulator
		{5F6E6EC1-4530-494D-8DD2-4455D582F310}.Release|x64.ActiveCfg = Release|iPhone
		{5F6E6EC1-4530-494D-8DD2-4455D582F310}.Release|x86.ActiveCfg = Release|iPhone
		{BDB02FBC-5B77-423D-8371-D874C84DAD6C}.Ad-Hoc|Any CPU.ActiveCfg = Debug|Any CPU
		{BDB02FBC-5B77-423D-8371-D874C84DAD6C}.Ad-Hoc|Any CPU.Build.0 = Debug|Any CPU
		{BDB02FBC-5B77-423D-8371-D874C84DAD6C}.Ad-Hoc|ARM.ActiveCfg = Debug|Any CPU
		{BDB02FBC-5B77-423D-8371-D874C84DAD6C}.Ad-Hoc|ARM.Build.0 = Debug|Any CPU
		{BDB02FBC-5B77-423D-8371-D874C84DAD6C}.Ad-Hoc|iPhone.ActiveCfg = Debug|Any CPU
		{BDB02FBC-5B77-423D-8371-D874C84DAD6C}.Ad-Hoc|iPhone.Build.0 = Debug|Any CPU
		{BDB02FBC-5B77-423D-8371-D874C84DAD6C}.Ad-Hoc|iPhoneSimulator.ActiveCfg = Debug|Any CPU
		{BDB02FBC-5B77-423D-8371-D874C84DAD6C}.Ad-Hoc|iPhoneSimulator.Build.0 = Debug|Any CPU
		{BDB02FBC-5B77-423D-8371-D874C84DAD6C}.Ad-Hoc|x64.ActiveCfg = Debug|Any CPU
		{BDB02FBC-5B77-423D-8371-D874C84DAD6C}.Ad-Hoc|x64.Build.0 = Debug|Any CPU
		{BDB02FBC-5B77-423D-8371-D874C84DAD6C}.Ad-Hoc|x86.ActiveCfg = Debug|Any CPU
		{BDB02FBC-5B77-423D-8371-D874C84DAD6C}.Ad-Hoc|x86.Build.0 = Debug|Any CPU
		{BDB02FBC-5B77-423D-8371-D874C84DAD6C}.AppStore|Any CPU.ActiveCfg = Debug|Any CPU
		{BDB02FBC-5B77-423D-8371-D874C84DAD6C}.AppStore|Any CPU.Build.0 = Debug|Any CPU
		{BDB02FBC-5B77-423D-8371-D874C84DAD6C}.AppStore|ARM.ActiveCfg = Debug|Any CPU
		{BDB02FBC-5B77-423D-8371-D874C84DAD6C}.AppStore|ARM.Build.0 = Debug|Any CPU
		{BDB02FBC-5B77-423D-8371-D874C84DAD6C}.AppStore|iPhone.ActiveCfg = Debug|Any CPU
		{BDB02FBC-5B77-423D-8371-D874C84DAD6C}.AppStore|iPhone.Build.0 = Debug|Any CPU
		{BDB02FBC-5B77-423D-8371-D874C84DAD6C}.AppStore|iPhoneSimulator.ActiveCfg = Debug|Any CPU
		{BDB02FBC-5B77-423D-8371-D874C84DAD6C}.AppStore|iPhoneSimulator.Build.0 = Debug|Any CPU
		{BDB02FBC-5B77-423D-8371-D874C84DAD6C}.AppStore|x64.ActiveCfg = Debug|Any CPU
		{BDB02FBC-5B77-423D-8371-D874C84DAD6C}.AppStore|x64.Build.0 = Debug|Any CPU
		{BDB02FBC-5B77-423D-8371-D874C84DAD6C}.AppStore|x86.ActiveCfg = Debug|Any CPU
		{BDB02FBC-5B77-423D-8371-D874C84DAD6C}.AppStore|x86.Build.0 = Debug|Any CPU
		{BDB02FBC-5B77-423D-8371-D874C84DAD6C}.Debug|Any CPU.ActiveCfg = Debug|Any CPU
		{BDB02FBC-5B77-423D-8371-D874C84DAD6C}.Debug|Any CPU.Build.0 = Debug|Any CPU
		{BDB02FBC-5B77-423D-8371-D874C84DAD6C}.Debug|ARM.ActiveCfg = Debug|Any CPU
		{BDB02FBC-5B77-423D-8371-D874C84DAD6C}.Debug|ARM.Build.0 = Debug|Any CPU
		{BDB02FBC-5B77-423D-8371-D874C84DAD6C}.Debug|iPhone.ActiveCfg = Debug|Any CPU
		{BDB02FBC-5B77-423D-8371-D874C84DAD6C}.Debug|iPhone.Build.0 = Debug|Any CPU
		{BDB02FBC-5B77-423D-8371-D874C84DAD6C}.Debug|iPhoneSimulator.ActiveCfg = Debug|Any CPU
		{BDB02FBC-5B77-423D-8371-D874C84DAD6C}.Debug|iPhoneSimulator.Build.0 = Debug|Any CPU
		{BDB02FBC-5B77-423D-8371-D874C84DAD6C}.Debug|x64.ActiveCfg = Debug|Any CPU
		{BDB02FBC-5B77-423D-8371-D874C84DAD6C}.Debug|x64.Build.0 = Debug|Any CPU
		{BDB02FBC-5B77-423D-8371-D874C84DAD6C}.Debug|x86.ActiveCfg = Debug|Any CPU
		{BDB02FBC-5B77-423D-8371-D874C84DAD6C}.Debug|x86.Build.0 = Debug|Any CPU
		{BDB02FBC-5B77-423D-8371-D874C84DAD6C}.Release|Any CPU.ActiveCfg = Release|Any CPU
		{BDB02FBC-5B77-423D-8371-D874C84DAD6C}.Release|Any CPU.Build.0 = Release|Any CPU
		{BDB02FBC-5B77-423D-8371-D874C84DAD6C}.Release|ARM.ActiveCfg = Release|Any CPU
		{BDB02FBC-5B77-423D-8371-D874C84DAD6C}.Release|ARM.Build.0 = Release|Any CPU
		{BDB02FBC-5B77-423D-8371-D874C84DAD6C}.Release|iPhone.ActiveCfg = Release|Any CPU
		{BDB02FBC-5B77-423D-8371-D874C84DAD6C}.Release|iPhone.Build.0 = Release|Any CPU
		{BDB02FBC-5B77-423D-8371-D874C84DAD6C}.Release|iPhoneSimulator.ActiveCfg = Release|Any CPU
		{BDB02FBC-5B77-423D-8371-D874C84DAD6C}.Release|iPhoneSimulator.Build.0 = Release|Any CPU
		{BDB02FBC-5B77-423D-8371-D874C84DAD6C}.Release|x64.ActiveCfg = Release|Any CPU
		{BDB02FBC-5B77-423D-8371-D874C84DAD6C}.Release|x64.Build.0 = Release|Any CPU
		{BDB02FBC-5B77-423D-8371-D874C84DAD6C}.Release|x86.ActiveCfg = Release|Any CPU
		{BDB02FBC-5B77-423D-8371-D874C84DAD6C}.Release|x86.Build.0 = Release|Any CPU
	EndGlobalSection
	GlobalSection(SolutionProperties) = preSolution
		HideSolutionNode = FALSE
	EndGlobalSection
	GlobalSection(ExtensibilityGlobals) = postSolution
		SolutionGuid = {361F2B47-3F4B-407B-82F7-42059C40C416}
	EndGlobalSection
EndGlobal
